
Microsoft Visual Studio Solution File, Format Version 11.00
# Visual C++ Express 2010
Project("{8BC9CEB8-8B4A-11D0-8D11-00A0C91BC942}") = "namechanger", "namechanger.vcxproj", "{4074D34E-94AC-4667-A55C-9E5A28D19D9C}"
	ProjectSection(ProjectDependencies) = postProject
		{F870C590-10AF-44DB-8020-A403F3463F23} = {F870C590-10AF-44DB-8020-A403F3463F23}
	EndProjectSection
EndProject
Project("{8BC9CEB8-8B4A-11D0-8D11-00A0C91BC942}") = "windows_forms_application_boost_wrapper", "windows_forms_application_boost_wrapper.vcxproj", "{F870C590-10AF-44DB-8020-A403F3463F23}"
EndProject
Global
	GlobalSection(SolutionConfigurationPlatforms) = preSolution
		Debug|Win32 = Debug|Win32
		Release|Win32 = Release|Win32
	EndGlobalSection
	GlobalSection(ProjectConfigurationPlatforms) = postSolution
		{4074D34E-94AC-4667-A55C-9E5A28D19D9C}.Debug|Win32.ActiveCfg = Debug|Win32
		{4074D34E-94AC-4667-A55C-9E5A28D19D9C}.Debug|Win32.Build.0 = Debug|Win32
		{4074D34E-94AC-4667-A55C-9E5A28D19D9C}.Release|Win32.ActiveCfg = Release|Win32
		{4074D34E-94AC-4667-A55C-9E5A28D19D9C}.Release|Win32.Build.0 = Release|Win32
		{F870C590-10AF-44DB-8020-A403F3463F23}.Debug|Win32.ActiveCfg = Debug|Win32
		{F870C590-10AF-44DB-8020-A403F3463F23}.Debug|Win32.Build.0 = Debug|Win32
		{F870C590-10AF-44DB-8020-A403F3463F23}.Release|Win32.ActiveCfg = Release|Win32
		{F870C590-10AF-44DB-8020-A403F3463F23}.Release|Win32.Build.0 = Release|Win32
	EndGlobalSection
	GlobalSection(SolutionProperties) = preSolution
		HideSolutionNode = FALSE
	EndGlobalSection
EndGlobal
